{
  "requires": true,
  "lockfileVersion": 1,
  "dependencies": {
    "bn.js": {
      "version": "4.11.8",
      "resolved": "https://registry.npmjs.org/bn.js/-/bn.js-4.11.8.tgz",
      "integrity": "sha512-ItfYfPLkWHUjckQCk8xC+LwxgK8NYcXywGigJgSwOP8Y2iyWT4f2vsZnoOXTTbo+o5yXmIUJ4gn5538SO5S3gA=="
    },
    "zeppelin-solidity": {
      "version": "1.9.0",
      "resolved": "https://registry.npmjs.org/zeppelin-solidity/-/zeppelin-solidity-1.9.0.tgz",
      "integrity": "sha512-pdyPVyjDq7cNqqLps9juDNDkKCa6hSafEm8KyzPw+gNYTiDyG1H4sYVFuBGp03iqxlGhsacrstbps5/AHTxBUg=="
    }
  }
}
